
Microsoft Visual Studio Solution File, Format Version 12.00
# Visual Studio Version 16
VisualStudioVersion = 16.0.32407.337
MinimumVisualStudioVersion = 10.0.40219.1
Project("{FAE04EC0-301F-11D3-BF4B-00C04F79EFBC}") = "Assignment-WPF", "Assignment-WPF\Assignment-WPF.csproj", "{2E6B5826-49AE-4600-890D-D25C7E794A78}"
EndProject
Global
	GlobalSection(SolutionConfigurationPlatforms) = preSolution
		Debug|Any CPU = Debug|Any CPU
		Release|Any CPU = Release|Any CPU
	EndGlobalSection
	GlobalSection(ProjectConfigurationPlatforms) = postSolution
		{2E6B5826-49AE-4600-890D-D25C7E794A78}.Debug|Any CPU.ActiveCfg = Debug|Any CPU
		{2E6B5826-49AE-4600-890D-D25C7E794A78}.Debug|Any CPU.Build.0 = Debug|Any CPU
		{2E6B5826-49AE-4600-890D-D25C7E794A78}.Release|Any CPU.ActiveCfg = Release|Any CPU
		{2E6B5826-49AE-4600-890D-D25C7E794A78}.Release|Any CPU.Build.0 = Release|Any CPU
	EndGlobalSection
	GlobalSection(SolutionProperties) = preSolution
		HideSolutionNode = FALSE
	EndGlobalSection
	GlobalSection(ExtensibilityGlobals) = postSolution
		SolutionGuid = {E6A87A89-BF19-46FB-8ECB-B97D1A76A9B3}
	EndGlobalSection
EndGlobal
